PODS:
  - Alamofire (5.8.1)
  - Flutter (1.0.0)
  - integration_test (0.0.1):
    - Flutter
  - lightstreamer_flutter_client (2.1.0-alpha.1):
    - Flutter
    - FlutterMacOS
    - LightstreamerClient (~> 6.2.0)
  - LightstreamerClient (6.2.0):
    - Alamofire (~> 5.8.1)
    - RMJSONPatch (~> 1.0.5)
    - Starscream (~> 4.0.6)
  - RMJSONPatch (1.0.5)
  - Starscream (4.0.8)

DEPENDENCIES:
  - Flutter (from `Flutter`)
  - integration_test (from `.symlinks/plugins/integration_test/ios`)
  - lightstreamer_flutter_client (from `.symlinks/plugins/lightstreamer_flutter_client/darwin`)

SPEC REPOS:
  trunk:
    - Alamofire
    - LightstreamerClient
    - RMJSONPatch
    - Starscream

EXTERNAL SOURCES:
  Flutter:
    :path: Flutter
  integration_test:
    :path: ".symlinks/plugins/integration_test/ios"
  lightstreamer_flutter_client:
    :path: ".symlinks/plugins/lightstreamer_flutter_client/darwin"

SPEC CHECKSUMS:
  Alamofire: 3ca42e259043ee0dc5c0cdd76c4bc568b8e42af7
  Flutter: e0871f40cf51350855a761d2e70bf5af5b9b5de7
  integration_test: 252f60fa39af5e17c3aa9899d35d908a0721b573
  lightstreamer_flutter_client: b01c9377946daa452750827b4dcdc7c970c60d35
  LightstreamerClient: a2b5c87633dc43ee94e1976aaaa1aaf733cd43c4
  RMJSONPatch: 9d08c18158c5a224ec471d876457f65cdafb1ecb
  Starscream: 19b5533ddb925208db698f0ac508a100b884a1b9

PODFILE CHECKSUM: 2f3470950fdd91b4d36f786e73053a128ea7df70

COCOAPODS: 1.14.3
