PODS:
  - Alamofire (5.7.1)
  - Flutter (1.0.0)
  - lightstreamer_flutter_client (1.1.1):
    - Flutter
    - LightstreamerClient (~> 6.0.1)
  - LightstreamerClient (6.0.1):
    - Alamofire (~> 5.2)
    - RMJSONPatch (~> 1.0)
    - Starscream (~> 4.0)
  - RMJSONPatch (1.0.4)
  - Starscream (4.0.6)

DEPENDENCIES:
  - Flutter (from `Flutter`)
  - lightstreamer_flutter_client (from `.symlinks/plugins/lightstreamer_flutter_client/ios`)

SPEC REPOS:
  trunk:
    - Alamofire
    - LightstreamerClient
    - RMJSONPatch
    - Starscream

EXTERNAL SOURCES:
  Flutter:
    :path: Flutter
  lightstreamer_flutter_client:
    :path: ".symlinks/plugins/lightstreamer_flutter_client/ios"

SPEC CHECKSUMS:
  Alamofire: 0123a34370cb170936ae79a8df46cc62b2edeb88
  Flutter: 50d75fe2f02b26cc09d224853bb45737f8b3214a
  lightstreamer_flutter_client: 388e75f19295eb5387e9d832fe54dc37e0f10379
  LightstreamerClient: e0b437e54d486926293ca995fde44d0f7ff19f6c
  RMJSONPatch: 60d351ad27d164352f8ea6b055c07c976f1bd2d1
  Starscream: fb2c4510bebf908c62bd383bcf05e673720e91fd

PODFILE CHECKSUM: 7c5a03c30f5b545f9f694fde1d11980f9182ef70

COCOAPODS: 1.12.1
