PODS:
  - FlutterMacOS (1.0.0)
  - lightstreamer_flutter_client (2.1.3):
    - Flutter
    - FlutterMacOS
    - LightstreamerClient (~> 6.3.0)
  - LightstreamerClient (6.3.0):
    - RMJSONPatch (~> 1.0.5)
  - RMJSONPatch (1.0.5)

DEPENDENCIES:
  - FlutterMacOS (from `Flutter/ephemeral`)
  - lightstreamer_flutter_client (from `Flutter/ephemeral/.symlinks/plugins/lightstreamer_flutter_client/darwin`)

SPEC REPOS:
  trunk:
    - LightstreamerClient
    - RMJSONPatch

EXTERNAL SOURCES:
  FlutterMacOS:
    :path: Flutter/ephemeral
  lightstreamer_flutter_client:
    :path: Flutter/ephemeral/.symlinks/plugins/lightstreamer_flutter_client/darwin

SPEC CHECKSUMS:
  FlutterMacOS: 8f6f14fa908a6fb3fba0cd85dbd81ec4b251fb24
  lightstreamer_flutter_client: 74674955073159c95d10ba3eda8772a09e5b733a
  LightstreamerClient: 2bdbccf785b984721cc8bf4c1e4d085480108604
  RMJSONPatch: 9d08c18158c5a224ec471d876457f65cdafb1ecb

PODFILE CHECKSUM: 9ebaf0ce3d369aaa26a9ea0e159195ed94724cf3

COCOAPODS: 1.16.2
